
Microsoft Visual Studio Solution File, Format Version 12.00
# Visual Studio 15
VisualStudioVersion = 15.0.28307.1209
MinimumVisualStudioVersion = 10.0.40219.1
Project("{8BC9CEB8-8B4A-11D0-8D11-00A0C91BC942}") = "PaletteWidget", "PaletteWidget\PaletteWidget.vcxproj", "{5A764BC4-4618-4515-A39E-0A040C77D5F1}"
EndProject
Global
	GlobalSection(SolutionConfigurationPlatforms) = preSolution
		Debug|x64 = Debug|x64
		Release|x64 = Release|x64
	EndGlobalSection
	GlobalSection(ProjectConfigurationPlatforms) = postSolution
		{5A764BC4-4618-4515-A39E-0A040C77D5F1}.Debug|x64.ActiveCfg = Debug|x64
		{5A764BC4-4618-4515-A39E-0A040C77D5F1}.Debug|x64.Build.0 = Debug|x64
		{5A764BC4-4618-4515-A39E-0A040C77D5F1}.Release|x64.ActiveCfg = Release|x64
		{5A764BC4-4618-4515-A39E-0A040C77D5F1}.Release|x64.Build.0 = Release|x64
	EndGlobalSection
	GlobalSection(SolutionProperties) = preSolution
		HideSolutionNode = FALSE
	EndGlobalSection
	GlobalSection(ExtensibilityGlobals) = postSolution
		SolutionGuid = {1B069397-1439-48D1-AB32-CD89FB196506}
	EndGlobalSection
EndGlobal
